
Microsoft Visual Studio Solution File, Format Version 12.00
# Visual Studio 2012
Project("{FAE04EC0-301F-11D3-BF4B-00C04F79EFBC}") = "RDFRepresentation", "RDFRepresentation\RDFRepresentation.csproj", "{8DE391EE-F863-48CD-8577-B095994C5D2C}"
EndProject
Project("{FAE04EC0-301F-11D3-BF4B-00C04F79EFBC}") = "DAO", "DAO\DAO.csproj", "{6A09B7B8-2CA8-458B-A7D3-F4A1D453CF44}"
EndProject
Project("{FAE04EC0-301F-11D3-BF4B-00C04F79EFBC}") = "Filtering", "Filtering\Filtering.csproj", "{E3DE8E0D-B7B0-43F4-9DEC-F4E2BE6FBDA5}"
EndProject
Project("{FAE04EC0-301F-11D3-BF4B-00C04F79EFBC}") = "TestingGUI", "TestingGUI\TestingGUI.csproj", "{35FEAEB2-5A96-4EA6-B898-543D4CCCB753}"
EndProject
Global
	GlobalSection(SolutionConfigurationPlatforms) = preSolution
		Debug|Any CPU = Debug|Any CPU
		Release|Any CPU = Release|Any CPU
	EndGlobalSection
	GlobalSection(ProjectConfigurationPlatforms) = postSolution
		{8DE391EE-F863-48CD-8577-B095994C5D2C}.Debug|Any CPU.ActiveCfg = Debug|Any CPU
		{8DE391EE-F863-48CD-8577-B095994C5D2C}.Debug|Any CPU.Build.0 = Debug|Any CPU
		{8DE391EE-F863-48CD-8577-B095994C5D2C}.Release|Any CPU.ActiveCfg = Release|Any CPU
		{8DE391EE-F863-48CD-8577-B095994C5D2C}.Release|Any CPU.Build.0 = Release|Any CPU
		{6A09B7B8-2CA8-458B-A7D3-F4A1D453CF44}.Debug|Any CPU.ActiveCfg = Debug|Any CPU
		{6A09B7B8-2CA8-458B-A7D3-F4A1D453CF44}.Debug|Any CPU.Build.0 = Debug|Any CPU
		{6A09B7B8-2CA8-458B-A7D3-F4A1D453CF44}.Release|Any CPU.ActiveCfg = Release|Any CPU
		{6A09B7B8-2CA8-458B-A7D3-F4A1D453CF44}.Release|Any CPU.Build.0 = Release|Any CPU
		{E3DE8E0D-B7B0-43F4-9DEC-F4E2BE6FBDA5}.Debug|Any CPU.ActiveCfg = Debug|Any CPU
		{E3DE8E0D-B7B0-43F4-9DEC-F4E2BE6FBDA5}.Debug|Any CPU.Build.0 = Debug|Any CPU
		{E3DE8E0D-B7B0-43F4-9DEC-F4E2BE6FBDA5}.Release|Any CPU.ActiveCfg = Release|Any CPU
		{E3DE8E0D-B7B0-43F4-9DEC-F4E2BE6FBDA5}.Release|Any CPU.Build.0 = Release|Any CPU
		{35FEAEB2-5A96-4EA6-B898-543D4CCCB753}.Debug|Any CPU.ActiveCfg = Debug|Any CPU
		{35FEAEB2-5A96-4EA6-B898-543D4CCCB753}.Debug|Any CPU.Build.0 = Debug|Any CPU
		{35FEAEB2-5A96-4EA6-B898-543D4CCCB753}.Release|Any CPU.ActiveCfg = Release|Any CPU
		{35FEAEB2-5A96-4EA6-B898-543D4CCCB753}.Release|Any CPU.Build.0 = Release|Any CPU
	EndGlobalSection
	GlobalSection(SolutionProperties) = preSolution
		HideSolutionNode = FALSE
	EndGlobalSection
EndGlobal
